
Microsoft Visual Studio Solution File, Format Version 12.00
# Visual Studio 15
VisualStudioVersion = 15.0.26730.16
MinimumVisualStudioVersion = 10.0.40219.1
Project("{FAE04EC0-301F-11D3-BF4B-00C04F79EFBC}") = "BankAccountLibrary", "BankAccountLibrary\BankAccountLibrary.csproj", "{49C07315-A2C3-45B8-B740-B3D22EAC12D9}"
EndProject
Project("{FAE04EC0-301F-11D3-BF4B-00C04F79EFBC}") = "BankAccountTests", "BankAccountTests\BankAccountTests.csproj", "{B2073E58-B815-4459-A83D-E93D528142B2}"
EndProject
Global
	GlobalSection(SolutionConfigurationPlatforms) = preSolution
		Debug|Any CPU = Debug|Any CPU
		Release|Any CPU = Release|Any CPU
	EndGlobalSection
	GlobalSection(ProjectConfigurationPlatforms) = postSolution
		{49C07315-A2C3-45B8-B740-B3D22EAC12D9}.Debug|Any CPU.ActiveCfg = Debug|Any CPU
		{49C07315-A2C3-45B8-B740-B3D22EAC12D9}.Debug|Any CPU.Build.0 = Debug|Any CPU
		{49C07315-A2C3-45B8-B740-B3D22EAC12D9}.Release|Any CPU.ActiveCfg = Release|Any CPU
		{49C07315-A2C3-45B8-B740-B3D22EAC12D9}.Release|Any CPU.Build.0 = Release|Any CPU
		{B2073E58-B815-4459-A83D-E93D528142B2}.Debug|Any CPU.ActiveCfg = Debug|Any CPU
		{B2073E58-B815-4459-A83D-E93D528142B2}.Debug|Any CPU.Build.0 = Debug|Any CPU
		{B2073E58-B815-4459-A83D-E93D528142B2}.Release|Any CPU.ActiveCfg = Release|Any CPU
		{B2073E58-B815-4459-A83D-E93D528142B2}.Release|Any CPU.Build.0 = Release|Any CPU
	EndGlobalSection
	GlobalSection(SolutionProperties) = preSolution
		HideSolutionNode = FALSE
	EndGlobalSection
	GlobalSection(ExtensibilityGlobals) = postSolution
		SolutionGuid = {AC363ED2-401B-4A17-9C4C-E5EE96C60151}
	EndGlobalSection
EndGlobal
